
Microsoft Visual Studio Solution File, Format Version 12.00
# Visual Studio Version 16
VisualStudioVersion = 16.0.30406.217
MinimumVisualStudioVersion = 10.0.40219.1
Project("{FAE04EC0-301F-11D3-BF4B-00C04F79EFBC}") = "MemSim", "MemSim.csproj", "{13B71B22-C2E8-4FF4-A930-AB093CD0BF3C}"
EndProject
Global
	GlobalSection(SolutionConfigurationPlatforms) = preSolution
		Debug|Any CPU = Debug|Any CPU
		Release|Any CPU = Release|Any CPU
	EndGlobalSection
	GlobalSection(ProjectConfigurationPlatforms) = postSolution
		{13B71B22-C2E8-4FF4-A930-AB093CD0BF3C}.Debug|Any CPU.ActiveCfg = Debug|Any CPU
		{13B71B22-C2E8-4FF4-A930-AB093CD0BF3C}.Debug|Any CPU.Build.0 = Debug|Any CPU
		{13B71B22-C2E8-4FF4-A930-AB093CD0BF3C}.Release|Any CPU.ActiveCfg = Release|Any CPU
		{13B71B22-C2E8-4FF4-A930-AB093CD0BF3C}.Release|Any CPU.Build.0 = Release|Any CPU
	EndGlobalSection
	GlobalSection(SolutionProperties) = preSolution
		HideSolutionNode = FALSE
	EndGlobalSection
	GlobalSection(ExtensibilityGlobals) = postSolution
		SolutionGuid = {E0A15462-8FFC-49FE-91B2-EC8F090BA75F}
	EndGlobalSection
EndGlobal
